
Microsoft Visual Studio Solution File, Format Version 12.00
# Visual Studio Version 17
VisualStudioVersion = 17.4.33213.308
MinimumVisualStudioVersion = 10.0.40219.1
Project("{2150E333-8FDC-42A3-9474-1A3956D46DE8}") = "src", "src", "{BC245057-7FAA-4981-AE3C-04C200FB4F60}"
EndProject
Project("{2150E333-8FDC-42A3-9474-1A3956D46DE8}") = "tests", "tests", "{8DAB99BB-2FBB-4789-87D7-57E3BEB6468F}"
EndProject
Project("{9A19103F-16F7-4668-BE54-9A1E7A4F7556}") = "ChangelogGenerator", "src\ChangelogGenerator\ChangelogGenerator.csproj", "{3ACCF095-BA8B-4350-807C-228143004CA4}"
EndProject
Project("{9A19103F-16F7-4668-BE54-9A1E7A4F7556}") = "ChangelogGenerator.Api", "src\ChangelogGenerator.Api\ChangelogGenerator.Api.csproj", "{E83B7A35-79FE-4CD0-88D2-27E2FCC046D0}"
EndProject
Project("{9A19103F-16F7-4668-BE54-9A1E7A4F7556}") = "ChangelogGenerator.Api.Tests", "tests\ChangelogGenerator.Api.Tests\ChangelogGenerator.Api.Tests.csproj", "{D96E161A-D319-4EF3-B6D2-DBE2AA25A07A}"
EndProject
Project("{9A19103F-16F7-4668-BE54-9A1E7A4F7556}") = "Parser.ConventionalCommit", "src\Parser.ConventionalCommit\Parser.ConventionalCommit.csproj", "{DA90D5FA-94AA-4221-A931-C24C0AA0C0E7}"
EndProject
Project("{9A19103F-16F7-4668-BE54-9A1E7A4F7556}") = "ParserTests", "tests\ParserTests\ParserTests.csproj", "{F3F96F0C-DC75-48CC-B942-02A25C2C856F}"
EndProject
Project("{FAE04EC0-301F-11D3-BF4B-00C04F79EFBC}") = "Parser.SemanticVersion", "src\Parser.SemanticVersion\Parser.SemanticVersion.csproj", "{04915F3D-CE72-40EF-BCD8-9AA215A3A83B}"
EndProject
Global
	GlobalSection(SolutionConfigurationPlatforms) = preSolution
		Debug|Any CPU = Debug|Any CPU
		Release|Any CPU = Release|Any CPU
	EndGlobalSection
	GlobalSection(ProjectConfigurationPlatforms) = postSolution
		{3ACCF095-BA8B-4350-807C-228143004CA4}.Debug|Any CPU.ActiveCfg = Debug|Any CPU
		{3ACCF095-BA8B-4350-807C-228143004CA4}.Debug|Any CPU.Build.0 = Debug|Any CPU
		{3ACCF095-BA8B-4350-807C-228143004CA4}.Release|Any CPU.ActiveCfg = Release|Any CPU
		{3ACCF095-BA8B-4350-807C-228143004CA4}.Release|Any CPU.Build.0 = Release|Any CPU
		{E83B7A35-79FE-4CD0-88D2-27E2FCC046D0}.Debug|Any CPU.ActiveCfg = Debug|Any CPU
		{E83B7A35-79FE-4CD0-88D2-27E2FCC046D0}.Debug|Any CPU.Build.0 = Debug|Any CPU
		{E83B7A35-79FE-4CD0-88D2-27E2FCC046D0}.Release|Any CPU.ActiveCfg = Release|Any CPU
		{E83B7A35-79FE-4CD0-88D2-27E2FCC046D0}.Release|Any CPU.Build.0 = Release|Any CPU
		{D96E161A-D319-4EF3-B6D2-DBE2AA25A07A}.Debug|Any CPU.ActiveCfg = Debug|Any CPU
		{D96E161A-D319-4EF3-B6D2-DBE2AA25A07A}.Debug|Any CPU.Build.0 = Debug|Any CPU
		{D96E161A-D319-4EF3-B6D2-DBE2AA25A07A}.Release|Any CPU.ActiveCfg = Release|Any CPU
		{D96E161A-D319-4EF3-B6D2-DBE2AA25A07A}.Release|Any CPU.Build.0 = Release|Any CPU
		{DA90D5FA-94AA-4221-A931-C24C0AA0C0E7}.Debug|Any CPU.ActiveCfg = Debug|Any CPU
		{DA90D5FA-94AA-4221-A931-C24C0AA0C0E7}.Debug|Any CPU.Build.0 = Debug|Any CPU
		{DA90D5FA-94AA-4221-A931-C24C0AA0C0E7}.Release|Any CPU.ActiveCfg = Release|Any CPU
		{DA90D5FA-94AA-4221-A931-C24C0AA0C0E7}.Release|Any CPU.Build.0 = Release|Any CPU
		{F3F96F0C-DC75-48CC-B942-02A25C2C856F}.Debug|Any CPU.ActiveCfg = Debug|Any CPU
		{F3F96F0C-DC75-48CC-B942-02A25C2C856F}.Debug|Any CPU.Build.0 = Debug|Any CPU
		{F3F96F0C-DC75-48CC-B942-02A25C2C856F}.Release|Any CPU.ActiveCfg = Release|Any CPU
		{F3F96F0C-DC75-48CC-B942-02A25C2C856F}.Release|Any CPU.Build.0 = Release|Any CPU
		{04915F3D-CE72-40EF-BCD8-9AA215A3A83B}.Debug|Any CPU.ActiveCfg = Debug|Any CPU
		{04915F3D-CE72-40EF-BCD8-9AA215A3A83B}.Debug|Any CPU.Build.0 = Debug|Any CPU
		{04915F3D-CE72-40EF-BCD8-9AA215A3A83B}.Release|Any CPU.ActiveCfg = Release|Any CPU
		{04915F3D-CE72-40EF-BCD8-9AA215A3A83B}.Release|Any CPU.Build.0 = Release|Any CPU
	EndGlobalSection
	GlobalSection(SolutionProperties) = preSolution
		HideSolutionNode = FALSE
	EndGlobalSection
	GlobalSection(NestedProjects) = preSolution
		{3ACCF095-BA8B-4350-807C-228143004CA4} = {BC245057-7FAA-4981-AE3C-04C200FB4F60}
		{E83B7A35-79FE-4CD0-88D2-27E2FCC046D0} = {BC245057-7FAA-4981-AE3C-04C200FB4F60}
		{D96E161A-D319-4EF3-B6D2-DBE2AA25A07A} = {8DAB99BB-2FBB-4789-87D7-57E3BEB6468F}
		{DA90D5FA-94AA-4221-A931-C24C0AA0C0E7} = {BC245057-7FAA-4981-AE3C-04C200FB4F60}
		{F3F96F0C-DC75-48CC-B942-02A25C2C856F} = {8DAB99BB-2FBB-4789-87D7-57E3BEB6468F}
		{04915F3D-CE72-40EF-BCD8-9AA215A3A83B} = {BC245057-7FAA-4981-AE3C-04C200FB4F60}
	EndGlobalSection
	GlobalSection(ExtensibilityGlobals) = postSolution
		SolutionGuid = {44693A30-BD9C-4878-862E-E69E6DB7C9ED}
	EndGlobalSection
EndGlobal
