
Microsoft Visual Studio Solution File, Format Version 12.00
# Visual Studio Version 17
VisualStudioVersion = 17.4.33213.308
MinimumVisualStudioVersion = 10.0.40219.1
Project("{2150E333-8FDC-42A3-9474-1A3956D46DE8}") = "src", "src", "{BC245057-7FAA-4981-AE3C-04C200FB4F60}"
EndProject
Project("{2150E333-8FDC-42A3-9474-1A3956D46DE8}") = "tests", "tests", "{8DAB99BB-2FBB-4789-87D7-57E3BEB6468F}"
EndProject
Project("{9A19103F-16F7-4668-BE54-9A1E7A4F7556}") = "ChangelogGenerator", "src\ChangelogGenerator\ChangelogGenerator.csproj", "{3ACCF095-BA8B-4350-807C-228143004CA4}"
EndProject
Project("{9A19103F-16F7-4668-BE54-9A1E7A4F7556}") = "ChangelogGenerator.Api", "src\ChangelogGenerator.Api\ChangelogGenerator.Api.csproj", "{E83B7A35-79FE-4CD0-88D2-27E2FCC046D0}"
EndProject
Project("{9A19103F-16F7-4668-BE54-9A1E7A4F7556}") = "ChangelogGenerator.Api.Tests", "tests\ChangelogGenerator.Api.Tests\ChangelogGenerator.Api.Tests.csproj", "{D96E161A-D319-4EF3-B6D2-DBE2AA25A07A}"
EndProject
Project("{9A19103F-16F7-4668-BE54-9A1E7A4F7556}") = "ConventionalCommit.Parser", "src\ConventionalCommit.Parser\ConventionalCommit.Parser.csproj", "{CC844D4D-D000-43B7-A82D-50BAFF9762CF}"
EndProject
Project("{9A19103F-16F7-4668-BE54-9A1E7A4F7556}") = "ConventionalCommitsParser.Tests", "tests\ConventionalCommit.Parser.Tests\ConventionalCommitsParser.Tests.csproj", "{8B2E7329-F058-4593-8411-64FE7CEA7C79}"
EndProject
Global
	GlobalSection(SolutionConfigurationPlatforms) = preSolution
		Debug|Any CPU = Debug|Any CPU
		Release|Any CPU = Release|Any CPU
	EndGlobalSection
	GlobalSection(ProjectConfigurationPlatforms) = postSolution
		{3ACCF095-BA8B-4350-807C-228143004CA4}.Debug|Any CPU.ActiveCfg = Debug|Any CPU
		{3ACCF095-BA8B-4350-807C-228143004CA4}.Debug|Any CPU.Build.0 = Debug|Any CPU
		{3ACCF095-BA8B-4350-807C-228143004CA4}.Release|Any CPU.ActiveCfg = Release|Any CPU
		{3ACCF095-BA8B-4350-807C-228143004CA4}.Release|Any CPU.Build.0 = Release|Any CPU
		{E83B7A35-79FE-4CD0-88D2-27E2FCC046D0}.Debug|Any CPU.ActiveCfg = Debug|Any CPU
		{E83B7A35-79FE-4CD0-88D2-27E2FCC046D0}.Debug|Any CPU.Build.0 = Debug|Any CPU
		{E83B7A35-79FE-4CD0-88D2-27E2FCC046D0}.Release|Any CPU.ActiveCfg = Release|Any CPU
		{E83B7A35-79FE-4CD0-88D2-27E2FCC046D0}.Release|Any CPU.Build.0 = Release|Any CPU
		{D96E161A-D319-4EF3-B6D2-DBE2AA25A07A}.Debug|Any CPU.ActiveCfg = Debug|Any CPU
		{D96E161A-D319-4EF3-B6D2-DBE2AA25A07A}.Debug|Any CPU.Build.0 = Debug|Any CPU
		{D96E161A-D319-4EF3-B6D2-DBE2AA25A07A}.Release|Any CPU.ActiveCfg = Release|Any CPU
		{D96E161A-D319-4EF3-B6D2-DBE2AA25A07A}.Release|Any CPU.Build.0 = Release|Any CPU
		{CC844D4D-D000-43B7-A82D-50BAFF9762CF}.Debug|Any CPU.ActiveCfg = Debug|Any CPU
		{CC844D4D-D000-43B7-A82D-50BAFF9762CF}.Debug|Any CPU.Build.0 = Debug|Any CPU
		{CC844D4D-D000-43B7-A82D-50BAFF9762CF}.Release|Any CPU.ActiveCfg = Release|Any CPU
		{CC844D4D-D000-43B7-A82D-50BAFF9762CF}.Release|Any CPU.Build.0 = Release|Any CPU
		{8B2E7329-F058-4593-8411-64FE7CEA7C79}.Debug|Any CPU.ActiveCfg = Debug|Any CPU
		{8B2E7329-F058-4593-8411-64FE7CEA7C79}.Debug|Any CPU.Build.0 = Debug|Any CPU
		{8B2E7329-F058-4593-8411-64FE7CEA7C79}.Release|Any CPU.ActiveCfg = Release|Any CPU
		{8B2E7329-F058-4593-8411-64FE7CEA7C79}.Release|Any CPU.Build.0 = Release|Any CPU
	EndGlobalSection
	GlobalSection(SolutionProperties) = preSolution
		HideSolutionNode = FALSE
	EndGlobalSection
	GlobalSection(NestedProjects) = preSolution
		{3ACCF095-BA8B-4350-807C-228143004CA4} = {BC245057-7FAA-4981-AE3C-04C200FB4F60}
		{E83B7A35-79FE-4CD0-88D2-27E2FCC046D0} = {BC245057-7FAA-4981-AE3C-04C200FB4F60}
		{D96E161A-D319-4EF3-B6D2-DBE2AA25A07A} = {8DAB99BB-2FBB-4789-87D7-57E3BEB6468F}
		{CC844D4D-D000-43B7-A82D-50BAFF9762CF} = {BC245057-7FAA-4981-AE3C-04C200FB4F60}
		{8B2E7329-F058-4593-8411-64FE7CEA7C79} = {8DAB99BB-2FBB-4789-87D7-57E3BEB6468F}
	EndGlobalSection
	GlobalSection(ExtensibilityGlobals) = postSolution
		SolutionGuid = {44693A30-BD9C-4878-862E-E69E6DB7C9ED}
	EndGlobalSection
EndGlobal
